Microsoft Visual Studio Solution File, Format Version 12.00
# Visual Studio Version 17
VisualStudioVersion = 17.8.34511.84
MinimumVisualStudioVersion = 10.0.40219.1
Project("{9A19103F-16F7-4668-BE54-9A1E7A4F7556}") = "DancingGoatCore", "DancingGoatCore\DancingGoatCore.csproj", "{CE43CD99-A73F-4C4E-BAEC-E58267F0C4CD}"
EndProject
Global
	GlobalSection(SolutionConfigurationPlatforms) = preSolution
		Debug|Any CPU = Debug|Any CPU
		Release|Any CPU = Release|Any CPU
	EndGlobalSection
	GlobalSection(ProjectConfigurationPlatforms) = postSolution
		{CE43CD99-A73F-4C4E-BAEC-E58267F0C4CD}.Debug|Any CPU.ActiveCfg = Debug|Any CPU
		{CE43CD99-A73F-4C4E-BAEC-E58267F0C4CD}.Debug|Any CPU.Build.0 = Debug|Any CPU
		{CE43CD99-A73F-4C4E-BAEC-E58267F0C4CD}.Release|Any CPU.ActiveCfg = Release|Any CPU
		{CE43CD99-A73F-4C4E-BAEC-E58267F0C4CD}.Release|Any CPU.Build.0 = Release|Any CPU
	EndGlobalSection
	GlobalSection(SolutionProperties) = preSolution
		HideSolutionNode = FALSE
	EndGlobalSection
EndGlobal
